
Microsoft Visual Studio Solution File, Format Version 12.00
# Visual Studio 15
VisualStudioVersion = 15.0.27703.2035
MinimumVisualStudioVersion = 10.0.40219.1
Project("{FAE04EC0-301F-11D3-BF4B-00C04F79EFBC}") = "DrawMyPancakeInterface", "DrawMyPancakeInterface\DrawMyPancakeInterface.csproj", "{FE4427E4-1E01-4805-9A92-EB756CE74214}"
EndProject
Global
	GlobalSection(SolutionConfigurationPlatforms) = preSolution
		Debug|Any CPU = Debug|Any CPU
		Release|Any CPU = Release|Any CPU
	EndGlobalSection
	GlobalSection(ProjectConfigurationPlatforms) = postSolution
		{FE4427E4-1E01-4805-9A92-EB756CE74214}.Debug|Any CPU.ActiveCfg = Debug|Any CPU
		{FE4427E4-1E01-4805-9A92-EB756CE74214}.Debug|Any CPU.Build.0 = Debug|Any CPU
		{FE4427E4-1E01-4805-9A92-EB756CE74214}.Release|Any CPU.ActiveCfg = Release|Any CPU
		{FE4427E4-1E01-4805-9A92-EB756CE74214}.Release|Any CPU.Build.0 = Release|Any CPU
	EndGlobalSection
	GlobalSection(SolutionProperties) = preSolution
		HideSolutionNode = FALSE
	EndGlobalSection
	GlobalSection(ExtensibilityGlobals) = postSolution
		SolutionGuid = {C9F7EAD6-F659-45D4-93F1-F4B4BC23455D}
	EndGlobalSection
EndGlobal
