
Microsoft Visual Studio Solution File, Format Version 12.00
# Visual Studio 15
VisualStudioVersion = 15.0.28010.2016
MinimumVisualStudioVersion = 10.0.40219.1
Project("{FAE04EC0-301F-11D3-BF4B-00C04F79EFBC}") = "drawMyPancakeInterface", "DrawMyPancake\drawMyPancakeInterface.csproj", "{C64D1E88-FC09-4775-98E2-ACB4B39D91CF}"
EndProject
Project("{FAE04EC0-301F-11D3-BF4B-00C04F79EFBC}") = "EasyPaint", "EasyPaint\EasyPaint.csproj", "{331BD681-0B89-4A4B-A2EA-AD58C37ACD6D}"
EndProject
Global
	GlobalSection(SolutionConfigurationPlatforms) = preSolution
		Debug|Any CPU = Debug|Any CPU
		Release|Any CPU = Release|Any CPU
	EndGlobalSection
	GlobalSection(ProjectConfigurationPlatforms) = postSolution
		{C64D1E88-FC09-4775-98E2-ACB4B39D91CF}.Debug|Any CPU.ActiveCfg = Debug|Any CPU
		{C64D1E88-FC09-4775-98E2-ACB4B39D91CF}.Debug|Any CPU.Build.0 = Debug|Any CPU
		{C64D1E88-FC09-4775-98E2-ACB4B39D91CF}.Release|Any CPU.ActiveCfg = Release|Any CPU
		{C64D1E88-FC09-4775-98E2-ACB4B39D91CF}.Release|Any CPU.Build.0 = Release|Any CPU
		{331BD681-0B89-4A4B-A2EA-AD58C37ACD6D}.Debug|Any CPU.ActiveCfg = Debug|Any CPU
		{331BD681-0B89-4A4B-A2EA-AD58C37ACD6D}.Debug|Any CPU.Build.0 = Debug|Any CPU
		{331BD681-0B89-4A4B-A2EA-AD58C37ACD6D}.Release|Any CPU.ActiveCfg = Release|Any CPU
		{331BD681-0B89-4A4B-A2EA-AD58C37ACD6D}.Release|Any CPU.Build.0 = Release|Any CPU
	EndGlobalSection
	GlobalSection(SolutionProperties) = preSolution
		HideSolutionNode = FALSE
	EndGlobalSection
	GlobalSection(ExtensibilityGlobals) = postSolution
		SolutionGuid = {F88FFC7F-7717-41D9-91D8-BB31B41B0443}
	EndGlobalSection
EndGlobal
